{
  "version": 4,
  "terraform_version": "1.3.7",
  "serial": 69,
  "lineage": "b559c9d6-f284-ce9e-380e-cfebccf7596e",
  "outputs": {
    "database_name": {
      "value": "psqldbserver",
      "type": "string"
    },
    "linux_domain_names": {
      "value": [
        [
          "20.104.17.248",
          "20.104.75.60"
        ]
      ],
      "type": [
        "tuple",
        [
          [
            "tuple",
            [
              "string",
              "string"
            ]
          ]
        ]
      ]
    },
    "log_analytics_workspace_name": {
      "value": "PerGB2018",
      "type": "string"
    },
    "recovery_services_vault_name": {
      "value": "az-vault",
      "type": "string"
    },
    "resource_group_name": {
      "value": "n01525374-assignmemt2-RG",
      "type": "string"
    },
    "subnet_name": {
      "value": "/subscriptions/879725c7-5f63-41db-b9ad-35150bd23e04/resourceGroups/n01525374-assignmemt2-RG/providers/Microsoft.Network/virtualNetworks/vnet-lab/subnets/subnet1_name",
      "type": "string"
    },
    "vm_domain_names": {
      "value": [
        [
          "20.104.17.248",
          "20.104.75.60"
        ]
      ],
      "type": [
        "tuple",
        [
          [
            "tuple",
            [
              "string",
              "string"
            ]
          ]
        ]
      ]
    },
    "vm_hostnames": {
      "value": [
        [
          "20.104.17.248",
          "20.104.75.60"
        ]
      ],
      "type": [
        "tuple",
        [
          [
            "tuple",
            [
              "string",
              "string"
            ]
          ]
        ]
      ]
    },
    "vm_private_ips": {
      "value": [
        [
          "10.0.1.6",
          "10.0.1.5"
        ]
      ],
      "type": [
        "tuple",
        [
          [
            "tuple",
            [
              "string",
              "string"
            ]
          ]
        ]
      ]
    },
    "vm_public_ip_address": {
      "value": [
        [
          "20.104.17.248",
          "20.104.75.60"
        ]
      ],
      "type": [
        "tuple",
        [
          [
            "tuple",
            [
              "string",
              "string"
            ]
          ]
        ]
      ]
    },
    "vnet_name": {
      "value": "vnet-lab",
      "type": "string"
    },
    "windows_name": {
      "value": {
        "additional_capabilities": [],
        "additional_unattend_content": [],
        "admin_password": "P@ssword1234!",
        "admin_username": "adminuser",
        "allow_extension_operations": true,
        "availability_set_id": "",
        "boot_diagnostics": [],
        "capacity_reservation_group_id": "",
        "computer_name": "5374-w-vm1-win",
        "custom_data": null,
        "dedicated_host_group_id": "",
        "dedicated_host_id": "",
        "edge_zone": "",
        "enable_automatic_updates": true,
        "encryption_at_host_enabled": false,
        "eviction_policy": "",
        "extensions_time_budget": "PT1H30M",
        "gallery_application": [],
        "hotpatching_enabled": false,
        "id": "/subscriptions/879725c7-5f63-41db-b9ad-35150bd23e04/resourceGroups/n01525374-assignmemt1-RG/providers/Microsoft.Compute/virtualMachines/5374-w-vm1-win",
        "identity": [],
        "license_type": "",
        "location": "canadacentral",
        "max_bid_price": -1,
        "name": "5374-w-vm1-win",
        "network_interface_ids": [
          "/subscriptions/879725c7-5f63-41db-b9ad-35150bd23e04/resourceGroups/n01525374-assignmemt2-RG/providers/Microsoft.Network/networkInterfaces/5374-w-vm1-nic"
        ],
        "os_disk": [
          {
            "caching": "ReadWrite",
            "diff_disk_settings": [],
            "disk_encryption_set_id": "",
            "disk_size_gb": 128,
            "name": "osdisk-var.windows_name",
            "secure_vm_disk_encryption_set_id": "",
            "security_encryption_type": "",
            "storage_account_type": "StandardSSD_LRS",
            "write_accelerator_enabled": false
          }
        ],
        "patch_assessment_mode": "ImageDefault",
        "patch_mode": "AutomaticByOS",
        "plan": [],
        "platform_fault_domain": -1,
        "priority": "Regular",
        "private_ip_address": "10.0.1.4",
        "private_ip_addresses": [
          "10.0.1.4"
        ],
        "provision_vm_agent": true,
        "proximity_placement_group_id": "",
        "public_ip_address": "20.151.218.18",
        "public_ip_addresses": [
          "20.151.218.18"
        ],
        "resource_group_name": "n01525374-assignmemt1-RG",
        "secret": [],
        "secure_boot_enabled": false,
        "size": "Standard_B1ms",
        "source_image_id": "",
        "source_image_reference": [
          {
            "offer": "WindowsServer",
            "publisher": "MicrosoftWindowsServer",
            "sku": "2016-Datacenter",
            "version": "latest"
          }
        ],
        "tags": {},
        "termination_notification": [],
        "timeouts": null,
        "timezone": "",
        "user_data": "",
        "virtual_machine_id": "817032e2-c875-4ddb-a0ee-e7fa93643728",
        "virtual_machine_scale_set_id": "",
        "vtpm_enabled": false,
        "winrm_listener": [],
        "zone": ""
      },
      "type": [
        "object",
        {
          "additional_capabilities": [
            "list",
            [
              "object",
              {
                "ultra_ssd_enabled": "bool"
              }
            ]
          ],
          "additional_unattend_content": [
            "list",
            [
              "object",
              {
                "content": "string",
                "setting": "string"
              }
            ]
          ],
          "admin_password": "string",
          "admin_username": "string",
          "allow_extension_operations": "bool",
          "availability_set_id": "string",
          "boot_diagnostics": [
            "list",
            [
              "object",
              {
                "storage_account_uri": "string"
              }
            ]
          ],
          "capacity_reservation_group_id": "string",
          "computer_name": "string",
          "custom_data": "string",
          "dedicated_host_group_id": "string",
          "dedicated_host_id": "string",
          "edge_zone": "string",
          "enable_automatic_updates": "bool",
          "encryption_at_host_enabled": "bool",
          "eviction_policy": "string",
          "extensions_time_budget": "string",
          "gallery_application": [
            "list",
            [
              "object",
              {
                "configuration_blob_uri": "string",
                "order": "number",
                "tag": "string",
                "version_id": "string"
              }
            ]
          ],
          "hotpatching_enabled": "bool",
          "id": "string",
          "identity": [
            "list",
            [
              "object",
              {
                "identity_ids": [
                  "set",
                  "string"
                ],
                "principal_id": "string",
                "tenant_id": "string",
                "type": "string"
              }
            ]
          ],
          "license_type": "string",
          "location": "string",
          "max_bid_price": "number",
          "name": "string",
          "network_interface_ids": [
            "list",
            "string"
          ],
          "os_disk": [
            "list",
            [
              "object",
              {
                "caching": "string",
                "diff_disk_settings": [
                  "list",
                  [
                    "object",
                    {
                      "option": "string",
                      "placement": "string"
                    }
                  ]
                ],
                "disk_encryption_set_id": "string",
                "disk_size_gb": "number",
                "name": "string",
                "secure_vm_disk_encryption_set_id": "string",
                "security_encryption_type": "string",
                "storage_account_type": "string",
                "write_accelerator_enabled": "bool"
              }
            ]
          ],
          "patch_assessment_mode": "string",
          "patch_mode": "string",
          "plan": [
            "list",
            [
              "object",
              {
                "name": "string",
                "product": "string",
                "publisher": "string"
              }
            ]
          ],
          "platform_fault_domain": "number",
          "priority": "string",
          "private_ip_address": "string",
          "private_ip_addresses": [
            "list",
            "string"
          ],
          "provision_vm_agent": "bool",
          "proximity_placement_group_id": "string",
          "public_ip_address": "string",
          "public_ip_addresses": [
            "list",
            "string"
          ],
          "resource_group_name": "string",
          "secret": [
            "list",
            [
              "object",
              {
                "certificate": [
                  "set",
                  [
                    "object",
                    {
                      "store": "string",
                      "url": "string"
                    }
                  ]
                ],
                "key_vault_id": "string"
              }
            ]
          ],
          "secure_boot_enabled": "bool",
          "size": "string",
          "source_image_id": "string",
          "source_image_reference": [
            "list",
            [
              "object",
              {
                "offer": "string",
                "publisher": "string",
                "sku": "string",
                "version": "string"
              }
            ]
          ],
          "tags": [
            "map",
            "string"
          ],
          "termination_notification": [
            "list",
            [
              "object",
              {
                "enabled": "bool",
                "timeout": "string"
              }
            ]
          ],
          "timeouts": [
            "object",
            {
              "create": "string",
              "delete": "string",
              "read": "string",
              "update": "string"
            }
          ],
          "timezone": "string",
          "user_data": "string",
          "virtual_machine_id": "string",
          "virtual_machine_scale_set_id": "string",
          "vtpm_enabled": "bool",
          "winrm_listener": [
            "set",
            [
              "object",
              {
                "certificate_url": "string",
                "protocol": "string"
              }
            ]
          ],
          "zone": "string"
        }
      ],
      "sensitive": true
    },
    "windows_private_ips": {
      "value": "10.0.1.4",
      "type": "string"
    },
    "windows_public_ip": {
      "value": "20.151.218.18",
      "type": "string"
    }
  },
  "resources": [
    {
      "module": "module.common",
      "mode": "managed",
      "type": "azurerm_log_analytics_workspace",
      "name": "workspace",
      "provider": "provider[\"registry.terraform.io/hashicorp/azurerm\"]",
      "instances": [
        {
          "schema_version": 3,
          "attributes": {
            "allow_resource_only_permissions": true,
            "cmk_for_query_forced": false,
            "daily_quota_gb": -1,
            "id": "/subscriptions/879725c7-5f63-41db-b9ad-35150bd23e04/resourceGroups/n01525374-assignmemt2-RG/providers/Microsoft.OperationalInsights/workspaces/PerGB2018",
            "internet_ingestion_enabled": true,
            "internet_query_enabled": true,
            "local_authentication_disabled": false,
            "location": "canadacentral",
            "name": "PerGB2018",
            "primary_shared_key": "PZzRtd8DeqwNaJLhcdhwlhwAhrH0gSaonfK3n9EXULneylVEENNXzPORnacV7B3GOK430J8h8IcM6R0JBYHc+A==",
            "reservation_capacity_in_gb_per_day": null,
            "resource_group_name": "n01525374-assignmemt2-RG",
            "retention_in_days": 30,
            "secondary_shared_key": "LxCGdz7PVtF5rTsXLRdzI+fSIQQmh/BbYiTBSGnhfbLdZc2BERa4XJKUkndk1yZE3TaNQ1/q9pU3hlX+vi0LKw==",
            "sku": "PerGB2018",
            "tags": {
              "Environment": "Lab",
              "ExpirationDate": "2023-06-30",
              "Name": "akinloye.aremu",
              "Project": "Automation Project – Assignment 2"
            },
            "timeouts": null,
            "workspace_id": "5f30ad57-dd62-4315-868e-e0b6805f779f"
          },
          "sensitive_attributes": [],
          "private": "eyJlMmJmYjczMC1lY2FhLTExZTYtOGY4OC0zNDM2M2JjN2M0YzAiOnsiY3JlYXRlIjoxODAwMDAwMDAwMDAwLCJkZWxldGUiOjE4MDAwMDAwMDAwMDAsInJlYWQiOjMwMDAwMDAwMDAwMCwidXBkYXRlIjoxODAwMDAwMDAwMDAwfSwic2NoZW1hX3ZlcnNpb24iOiIzIn0=",
          "dependencies": [
            "module.rgroup.azurerm_resource_group.rgroup"
          ]
        }
      ]
    },
    {
      "module": "module.common",
      "mode": "managed",
      "type": "azurerm_recovery_services_vault",
      "name": "az-vault",
      "provider": "provider[\"registry.terraform.io/hashicorp/azurerm\"]",
      "instances": [
        {
          "schema_version": 0,
          "attributes": {
            "classic_vmware_replication_enabled": null,
            "cross_region_restore_enabled": false,
            "encryption": [],
            "id": "/subscriptions/879725c7-5f63-41db-b9ad-35150bd23e04/resourceGroups/n01525374-assignmemt2-RG/providers/Microsoft.RecoveryServices/vaults/az-vault",
            "identity": [],
            "immutability": null,
            "location": "canadacentral",
            "name": "az-vault",
            "public_network_access_enabled": true,
            "resource_group_name": "n01525374-assignmemt2-RG",
            "sku": "Standard",
            "soft_delete_enabled": true,
            "storage_mode_type": "GeoRedundant",
            "tags": {
              "Environment": "Lab",
              "ExpirationDate": "2023-06-30",
              "Name": "akinloye.aremu",
              "Project": "Automation Project – Assignment 2"
            },
            "timeouts": null
          },
          "sensitive_attributes": [],
          "private": "eyJlMmJmYjczMC1lY2FhLTExZTYtOGY4OC0zNDM2M2JjN2M0YzAiOnsiY3JlYXRlIjo3MjAwMDAwMDAwMDAwLCJkZWxldGUiOjE4MDAwMDAwMDAwMDAsInJlYWQiOjMwMDAwMDAwMDAwMCwidXBkYXRlIjozNjAwMDAwMDAwMDAwfX0=",
          "dependencies": [
            "module.rgroup.azurerm_resource_group.rgroup"
          ]
        }
      ]
    },
    {
      "module": "module.database",
      "mode": "managed",
      "type": "azurerm_postgresql_database",
      "name": "database",
      "provider": "provider[\"registry.terraform.io/hashicorp/azurerm\"]",
      "instances": [
        {
          "schema_version": 1,
          "attributes": {
            "charset": "UTF8",
            "collation": "English_United States.1252",
            "id": "/subscriptions/879725c7-5f63-41db-b9ad-35150bd23e04/resourceGroups/n01525374-assignmemt2-RG/providers/Microsoft.DBforPostgreSQL/servers/psqldbserver/databases/psqldatabase",
            "name": "psqldatabase",
            "resource_group_name": "n01525374-assignmemt2-RG",
            "server_name": "psqldbserver",
            "timeouts": null
          },
          "sensitive_attributes": [],
          "private": "eyJlMmJmYjczMC1lY2FhLTExZTYtOGY4OC0zNDM2M2JjN2M0YzAiOnsiY3JlYXRlIjozNjAwMDAwMDAwMDAwLCJkZWxldGUiOjM2MDAwMDAwMDAwMDAsInJlYWQiOjMwMDAwMDAwMDAwMCwidXBkYXRlIjozNjAwMDAwMDAwMDAwfSwic2NoZW1hX3ZlcnNpb24iOiIxIn0=",
          "dependencies": [
            "module.database.azurerm_postgresql_server.database",
            "module.rgroup.azurerm_resource_group.rgroup"
          ]
        }
      ]
    },
    {
      "module": "module.database",
      "mode": "managed",
      "type": "azurerm_postgresql_server",
      "name": "database",
      "provider": "provider[\"registry.terraform.io/hashicorp/azurerm\"]",
      "instances": [
        {
          "schema_version": 1,
          "attributes": {
            "administrator_login": "psqldmin",
            "administrator_login_password": "Pa$$w0rd123",
            "auto_grow_enabled": true,
            "backup_retention_days": 7,
            "create_mode": "Default",
            "creation_source_server_id": null,
            "fqdn": "psqldbserver.postgres.database.azure.com",
            "geo_redundant_backup_enabled": false,
            "id": "/subscriptions/879725c7-5f63-41db-b9ad-35150bd23e04/resourceGroups/n01525374-assignmemt2-RG/providers/Microsoft.DBforPostgreSQL/servers/psqldbserver",
            "identity": [],
            "infrastructure_encryption_enabled": false,
            "location": "canadacentral",
            "name": "psqldbserver",
            "public_network_access_enabled": true,
            "resource_group_name": "n01525374-assignmemt2-RG",
            "restore_point_in_time": null,
            "sku_name": "B_Gen5_1",
            "ssl_enforcement_enabled": true,
            "ssl_minimal_tls_version_enforced": "TLS1_2",
            "storage_mb": 5120,
            "tags": {},
            "threat_detection_policy": [],
            "timeouts": null,
            "version": "11"
          },
          "sensitive_attributes": [],
          "private": "eyJlMmJmYjczMC1lY2FhLTExZTYtOGY4OC0zNDM2M2JjN2M0YzAiOnsiY3JlYXRlIjozNjAwMDAwMDAwMDAwLCJkZWxldGUiOjM2MDAwMDAwMDAwMDAsInJlYWQiOjMwMDAwMDAwMDAwMCwidXBkYXRlIjozNjAwMDAwMDAwMDAwfSwic2NoZW1hX3ZlcnNpb24iOiIxIn0=",
          "dependencies": [
            "module.rgroup.azurerm_resource_group.rgroup"
          ]
        }
      ]
    },
    {
      "module": "module.datadisk",
      "mode": "managed",
      "type": "azurerm_managed_disk",
      "name": "linux_datadisk",
      "provider": "provider[\"registry.terraform.io/hashicorp/azurerm\"]",
      "instances": [
        {
          "index_key": "5374-vm-1",
          "schema_version": 1,
          "attributes": {
            "create_option": "Empty",
            "disk_access_id": "",
            "disk_encryption_set_id": "",
            "disk_iops_read_only": 0,
            "disk_iops_read_write": 500,
            "disk_mbps_read_only": 0,
            "disk_mbps_read_write": 60,
            "disk_size_gb": 10,
            "edge_zone": "",
            "encryption_settings": [],
            "gallery_image_reference_id": "",
            "hyper_v_generation": "",
            "id": "/subscriptions/879725c7-5f63-41db-b9ad-35150bd23e04/resourceGroups/n01525374-assignmemt2-RG/providers/Microsoft.Compute/disks/5374-vm-1-data-disk",
            "image_reference_id": "",
            "location": "canadacentral",
            "logical_sector_size": null,
            "max_shares": 0,
            "name": "5374-vm-1-data-disk",
            "network_access_policy": null,
            "on_demand_bursting_enabled": false,
            "os_type": "",
            "public_network_access_enabled": true,
            "resource_group_name": "n01525374-assignmemt2-RG",
            "secure_vm_disk_encryption_set_id": "",
            "security_type": "",
            "source_resource_id": "",
            "source_uri": "",
            "storage_account_id": "",
            "storage_account_type": "Standard_LRS",
            "tags": {},
            "tier": "",
            "timeouts": null,
            "trusted_launch_enabled": false,
            "upload_size_bytes": 0,
            "zone": ""
          },
          "sensitive_attributes": [],
          "private": "eyJlMmJmYjczMC1lY2FhLTExZTYtOGY4OC0zNDM2M2JjN2M0YzAiOnsiY3JlYXRlIjoxODAwMDAwMDAwMDAwLCJkZWxldGUiOjE4MDAwMDAwMDAwMDAsInJlYWQiOjMwMDAwMDAwMDAwMCwidXBkYXRlIjoxODAwMDAwMDAwMDAwfSwic2NoZW1hX3ZlcnNpb24iOiIxIn0=",
          "dependencies": [
            "module.network.azurerm_subnet.subnet_1",
            "module.network.azurerm_virtual_network.vnet",
            "module.rgroup.azurerm_resource_group.rgroup",
            "module.vmwindows.azurerm_availability_set.availability_set",
            "module.vmwindows.azurerm_network_interface.vm_nic",
            "module.vmwindows.azurerm_public_ip.pip_windows",
            "module.vmwindows.azurerm_virtual_machine_extension.extension",
            "module.vmwindows.azurerm_windows_virtual_machine.vmwindows",
            "module.vmwindows.module.rgroup.azurerm_resource_group.rgroup"
          ]
        },
        {
          "index_key": "5374-vm-2",
          "schema_version": 1,
          "attributes": {
            "create_option": "Empty",
            "disk_access_id": "",
            "disk_encryption_set_id": "",
            "disk_iops_read_only": 0,
            "disk_iops_read_write": 500,
            "disk_mbps_read_only": 0,
            "disk_mbps_read_write": 60,
            "disk_size_gb": 10,
            "edge_zone": "",
            "encryption_settings": [],
            "gallery_image_reference_id": "",
            "hyper_v_generation": "",
            "id": "/subscriptions/879725c7-5f63-41db-b9ad-35150bd23e04/resourceGroups/n01525374-assignmemt2-RG/providers/Microsoft.Compute/disks/5374-vm-2-data-disk",
            "image_reference_id": "",
            "location": "canadacentral",
            "logical_sector_size": null,
            "max_shares": 0,
            "name": "5374-vm-2-data-disk",
            "network_access_policy": null,
            "on_demand_bursting_enabled": false,
            "os_type": "",
            "public_network_access_enabled": true,
            "resource_group_name": "n01525374-assignmemt2-RG",
            "secure_vm_disk_encryption_set_id": "",
            "security_type": "",
            "source_resource_id": "",
            "source_uri": "",
            "storage_account_id": "",
            "storage_account_type": "Standard_LRS",
            "tags": {},
            "tier": "",
            "timeouts": null,
            "trusted_launch_enabled": false,
            "upload_size_bytes": 0,
            "zone": ""
          },
          "sensitive_attributes": [],
          "private": "eyJlMmJmYjczMC1lY2FhLTExZTYtOGY4OC0zNDM2M2JjN2M0YzAiOnsiY3JlYXRlIjoxODAwMDAwMDAwMDAwLCJkZWxldGUiOjE4MDAwMDAwMDAwMDAsInJlYWQiOjMwMDAwMDAwMDAwMCwidXBkYXRlIjoxODAwMDAwMDAwMDAwfSwic2NoZW1hX3ZlcnNpb24iOiIxIn0=",
          "dependencies": [
            "module.network.azurerm_subnet.subnet_1",
            "module.network.azurerm_virtual_network.vnet",
            "module.rgroup.azurerm_resource_group.rgroup",
            "module.vmwindows.azurerm_availability_set.availability_set",
            "module.vmwindows.azurerm_network_interface.vm_nic",
            "module.vmwindows.azurerm_public_ip.pip_windows",
            "module.vmwindows.azurerm_virtual_machine_extension.extension",
            "module.vmwindows.azurerm_windows_virtual_machine.vmwindows",
            "module.vmwindows.module.rgroup.azurerm_resource_group.rgroup"
          ]
        }
      ]
    },
    {
      "module": "module.datadisk",
      "mode": "managed",
      "type": "azurerm_managed_disk",
      "name": "windows_datadisk",
      "provider": "provider[\"registry.terraform.io/hashicorp/azurerm\"]",
      "instances": [
        {
          "schema_version": 1,
          "attributes": {
            "create_option": "Empty",
            "disk_access_id": "",
            "disk_encryption_set_id": "",
            "disk_iops_read_only": 0,
            "disk_iops_read_write": 500,
            "disk_mbps_read_only": 0,
            "disk_mbps_read_write": 60,
            "disk_size_gb": 10,
            "edge_zone": "",
            "encryption_settings": [],
            "gallery_image_reference_id": "",
            "hyper_v_generation": "",
            "id": "/subscriptions/879725c7-5f63-41db-b9ad-35150bd23e04/resourceGroups/n01525374-assignmemt2-RG/providers/Microsoft.Compute/disks/5374-win-data-disk",
            "image_reference_id": "",
            "location": "canadacentral",
            "logical_sector_size": null,
            "max_shares": 0,
            "name": "5374-win-data-disk",
            "network_access_policy": null,
            "on_demand_bursting_enabled": false,
            "os_type": "",
            "public_network_access_enabled": true,
            "resource_group_name": "n01525374-assignmemt2-RG",
            "secure_vm_disk_encryption_set_id": "",
            "security_type": "",
            "source_resource_id": "",
            "source_uri": "",
            "storage_account_id": "",
            "storage_account_type": "Standard_LRS",
            "tags": {},
            "tier": "",
            "timeouts": null,
            "trusted_launch_enabled": false,
            "upload_size_bytes": 0,
            "zone": ""
          },
          "sensitive_attributes": [],
          "private": "eyJlMmJmYjczMC1lY2FhLTExZTYtOGY4OC0zNDM2M2JjN2M0YzAiOnsiY3JlYXRlIjoxODAwMDAwMDAwMDAwLCJkZWxldGUiOjE4MDAwMDAwMDAwMDAsInJlYWQiOjMwMDAwMDAwMDAwMCwidXBkYXRlIjoxODAwMDAwMDAwMDAwfSwic2NoZW1hX3ZlcnNpb24iOiIxIn0=",
          "dependencies": [
            "module.network.azurerm_subnet.subnet_1",
            "module.network.azurerm_virtual_network.vnet",
            "module.rgroup.azurerm_resource_group.rgroup",
            "module.vmwindows.azurerm_availability_set.availability_set",
            "module.vmwindows.azurerm_network_interface.vm_nic",
            "module.vmwindows.azurerm_public_ip.pip_windows",
            "module.vmwindows.azurerm_virtual_machine_extension.extension",
            "module.vmwindows.azurerm_windows_virtual_machine.vmwindows",
            "module.vmwindows.module.rgroup.azurerm_resource_group.rgroup"
          ]
        }
      ]
    },
    {
      "module": "module.datadisk",
      "mode": "managed",
      "type": "azurerm_virtual_machine_data_disk_attachment",
      "name": "linux_datadisk_attachment",
      "provider": "provider[\"registry.terraform.io/hashicorp/azurerm\"]",
      "instances": [
        {
          "index_key": "5374-vm-1",
          "schema_version": 0,
          "attributes": {
            "caching": "None",
            "create_option": "Attach",
            "id": "/subscriptions/879725c7-5f63-41db-b9ad-35150bd23e04/resourceGroups/n01525374-assignmemt2-RG/providers/Microsoft.Compute/virtualMachines/5374-u-vm-1/dataDisks/5374-vm-1-data-disk",
            "lun": 0,
            "managed_disk_id": "/subscriptions/879725c7-5f63-41db-b9ad-35150bd23e04/resourceGroups/n01525374-assignmemt2-RG/providers/Microsoft.Compute/disks/5374-vm-1-data-disk",
            "timeouts": null,
            "virtual_machine_id": "/subscriptions/879725c7-5f63-41db-b9ad-35150bd23e04/resourceGroups/n01525374-assignmemt2-RG/providers/Microsoft.Compute/virtualMachines/5374-u-vm-1",
            "write_accelerator_enabled": false
          },
          "sensitive_attributes": [],
          "private": "eyJlMmJmYjczMC1lY2FhLTExZTYtOGY4OC0zNDM2M2JjN2M0YzAiOnsiY3JlYXRlIjoxODAwMDAwMDAwMDAwLCJkZWxldGUiOjE4MDAwMDAwMDAwMDAsInJlYWQiOjMwMDAwMDAwMDAwMCwidXBkYXRlIjoxODAwMDAwMDAwMDAwfX0=",
          "dependencies": [
            "module.datadisk.azurerm_managed_disk.linux_datadisk",
            "module.network.azurerm_subnet.subnet_1",
            "module.network.azurerm_virtual_network.vnet",
            "module.rgroup.azurerm_resource_group.rgroup",
            "module.vmlinux.azurerm_linux_virtual_machine.vm",
            "module.vmlinux.azurerm_network_interface.vm_nic",
            "module.vmlinux.azurerm_public_ip.vm-pip",
            "module.vmlinux.module.rgroup.azurerm_resource_group.rgroup",
            "module.vmwindows.azurerm_availability_set.availability_set",
            "module.vmwindows.azurerm_network_interface.vm_nic",
            "module.vmwindows.azurerm_public_ip.pip_windows",
            "module.vmwindows.azurerm_virtual_machine_extension.extension",
            "module.vmwindows.azurerm_windows_virtual_machine.vmwindows",
            "module.vmwindows.module.rgroup.azurerm_resource_group.rgroup"
          ]
        },
        {
          "index_key": "5374-vm-2",
          "schema_version": 0,
          "attributes": {
            "caching": "None",
            "create_option": "Attach",
            "id": "/subscriptions/879725c7-5f63-41db-b9ad-35150bd23e04/resourceGroups/n01525374-assignmemt2-RG/providers/Microsoft.Compute/virtualMachines/5374-u-vm-2/dataDisks/5374-vm-2-data-disk",
            "lun": 0,
            "managed_disk_id": "/subscriptions/879725c7-5f63-41db-b9ad-35150bd23e04/resourceGroups/n01525374-assignmemt2-RG/providers/Microsoft.Compute/disks/5374-vm-2-data-disk",
            "timeouts": null,
            "virtual_machine_id": "/subscriptions/879725c7-5f63-41db-b9ad-35150bd23e04/resourceGroups/n01525374-assignmemt2-RG/providers/Microsoft.Compute/virtualMachines/5374-u-vm-2",
            "write_accelerator_enabled": false
          },
          "sensitive_attributes": [],
          "private": "eyJlMmJmYjczMC1lY2FhLTExZTYtOGY4OC0zNDM2M2JjN2M0YzAiOnsiY3JlYXRlIjoxODAwMDAwMDAwMDAwLCJkZWxldGUiOjE4MDAwMDAwMDAwMDAsInJlYWQiOjMwMDAwMDAwMDAwMCwidXBkYXRlIjoxODAwMDAwMDAwMDAwfX0=",
          "dependencies": [
            "module.datadisk.azurerm_managed_disk.linux_datadisk",
            "module.network.azurerm_subnet.subnet_1",
            "module.network.azurerm_virtual_network.vnet",
            "module.rgroup.azurerm_resource_group.rgroup",
            "module.vmlinux.azurerm_linux_virtual_machine.vm",
            "module.vmlinux.azurerm_network_interface.vm_nic",
            "module.vmlinux.azurerm_public_ip.vm-pip",
            "module.vmlinux.module.rgroup.azurerm_resource_group.rgroup",
            "module.vmwindows.azurerm_availability_set.availability_set",
            "module.vmwindows.azurerm_network_interface.vm_nic",
            "module.vmwindows.azurerm_public_ip.pip_windows",
            "module.vmwindows.azurerm_virtual_machine_extension.extension",
            "module.vmwindows.azurerm_windows_virtual_machine.vmwindows",
            "module.vmwindows.module.rgroup.azurerm_resource_group.rgroup"
          ]
        }
      ]
    },
    {
      "module": "module.datadisk",
      "mode": "managed",
      "type": "azurerm_virtual_machine_data_disk_attachment",
      "name": "win_datadisk_attachment",
      "provider": "provider[\"registry.terraform.io/hashicorp/azurerm\"]",
      "instances": [
        {
          "schema_version": 0,
          "attributes": {
            "caching": "None",
            "create_option": "Attach",
            "id": "/subscriptions/879725c7-5f63-41db-b9ad-35150bd23e04/resourceGroups/n01525374-assignmemt1-RG/providers/Microsoft.Compute/virtualMachines/5374-w-vm1-win/dataDisks/5374-win-data-disk",
            "lun": 0,
            "managed_disk_id": "/subscriptions/879725c7-5f63-41db-b9ad-35150bd23e04/resourceGroups/n01525374-assignmemt2-RG/providers/Microsoft.Compute/disks/5374-win-data-disk",
            "timeouts": null,
            "virtual_machine_id": "/subscriptions/879725c7-5f63-41db-b9ad-35150bd23e04/resourceGroups/n01525374-assignmemt1-RG/providers/Microsoft.Compute/virtualMachines/5374-w-vm1-win",
            "write_accelerator_enabled": false
          },
          "sensitive_attributes": [],
          "private": "eyJlMmJmYjczMC1lY2FhLTExZTYtOGY4OC0zNDM2M2JjN2M0YzAiOnsiY3JlYXRlIjoxODAwMDAwMDAwMDAwLCJkZWxldGUiOjE4MDAwMDAwMDAwMDAsInJlYWQiOjMwMDAwMDAwMDAwMCwidXBkYXRlIjoxODAwMDAwMDAwMDAwfX0=",
          "dependencies": [
            "module.datadisk.azurerm_managed_disk.windows_datadisk",
            "module.network.azurerm_subnet.subnet_1",
            "module.network.azurerm_virtual_network.vnet",
            "module.rgroup.azurerm_resource_group.rgroup",
            "module.vmwindows.azurerm_availability_set.availability_set",
            "module.vmwindows.azurerm_network_interface.vm_nic",
            "module.vmwindows.azurerm_public_ip.pip_windows",
            "module.vmwindows.azurerm_virtual_machine_extension.extension",
            "module.vmwindows.azurerm_windows_virtual_machine.vmwindows",
            "module.vmwindows.module.rgroup.azurerm_resource_group.rgroup"
          ]
        }
      ]
    },
    {
      "module": "module.loadbalancer",
      "mode": "managed",
      "type": "azurerm_lb",
      "name": "loadbalancer",
      "provider": "provider[\"registry.terraform.io/hashicorp/azurerm\"]",
      "instances": [
        {
          "schema_version": 0,
          "attributes": {
            "edge_zone": "",
            "frontend_ip_configuration": [
              {
                "gateway_load_balancer_frontend_ip_configuration_id": "",
                "id": "/subscriptions/879725c7-5f63-41db-b9ad-35150bd23e04/resourceGroups/n01525374-assignmemt2-RG/providers/Microsoft.Network/loadBalancers/loadbalancer/frontendIPConfigurations/PublicIPAddress",
                "inbound_nat_rules": [
                  "/subscriptions/879725c7-5f63-41db-b9ad-35150bd23e04/resourceGroups/n01525374-assignmemt2-RG/providers/Microsoft.Network/loadBalancers/loadbalancer/inboundNatRules/http"
                ],
                "load_balancer_rules": [],
                "name": "PublicIPAddress",
                "outbound_rules": [],
                "private_ip_address": "",
                "private_ip_address_allocation": "Dynamic",
                "private_ip_address_version": "",
                "public_ip_address_id": "/subscriptions/879725c7-5f63-41db-b9ad-35150bd23e04/resourceGroups/n01525374-assignmemt2-RG/providers/Microsoft.Network/publicIPAddresses/publicip",
                "public_ip_prefix_id": "",
                "subnet_id": "",
                "zones": []
              }
            ],
            "id": "/subscriptions/879725c7-5f63-41db-b9ad-35150bd23e04/resourceGroups/n01525374-assignmemt2-RG/providers/Microsoft.Network/loadBalancers/loadbalancer",
            "location": "canadacentral",
            "name": "loadbalancer",
            "private_ip_address": "",
            "private_ip_addresses": [],
            "resource_group_name": "n01525374-assignmemt2-RG",
            "sku": "Standard",
            "sku_tier": "Regional",
            "tags": {},
            "timeouts": null
          },
          "sensitive_attributes": [],
          "private": "eyJlMmJmYjczMC1lY2FhLTExZTYtOGY4OC0zNDM2M2JjN2M0YzAiOnsiY3JlYXRlIjoxODAwMDAwMDAwMDAwLCJkZWxldGUiOjE4MDAwMDAwMDAwMDAsInJlYWQiOjMwMDAwMDAwMDAwMCwidXBkYXRlIjoxODAwMDAwMDAwMDAwfX0=",
          "dependencies": [
            "module.loadbalancer.azurerm_public_ip.publicip",
            "module.rgroup.azurerm_resource_group.rgroup"
          ]
        }
      ]
    },
    {
      "module": "module.loadbalancer",
      "mode": "managed",
      "type": "azurerm_lb_backend_address_pool",
      "name": "linux_backend_pool",
      "provider": "provider[\"registry.terraform.io/hashicorp/azurerm\"]",
      "instances": [
        {
          "schema_version": 0,
          "attributes": {
            "backend_ip_configurations": [],
            "id": "/subscriptions/879725c7-5f63-41db-b9ad-35150bd23e04/resourceGroups/n01525374-assignmemt2-RG/providers/Microsoft.Network/loadBalancers/loadbalancer/backendAddressPools/backend-pool",
            "inbound_nat_rules": [],
            "load_balancing_rules": [],
            "loadbalancer_id": "/subscriptions/879725c7-5f63-41db-b9ad-35150bd23e04/resourceGroups/n01525374-assignmemt2-RG/providers/Microsoft.Network/loadBalancers/loadbalancer",
            "name": "backend-pool",
            "outbound_rules": [],
            "timeouts": null,
            "tunnel_interface": [],
            "virtual_network_id": ""
          },
          "sensitive_attributes": [],
          "private": "eyJlMmJmYjczMC1lY2FhLTExZTYtOGY4OC0zNDM2M2JjN2M0YzAiOnsiY3JlYXRlIjoxODAwMDAwMDAwMDAwLCJkZWxldGUiOjE4MDAwMDAwMDAwMDAsInJlYWQiOjMwMDAwMDAwMDAwMCwidXBkYXRlIjoxODAwMDAwMDAwMDAwfX0=",
          "dependencies": [
            "module.loadbalancer.azurerm_lb.loadbalancer",
            "module.loadbalancer.azurerm_public_ip.publicip",
            "module.rgroup.azurerm_resource_group.rgroup"
          ]
        }
      ]
    },
    {
      "module": "module.loadbalancer",
      "mode": "managed",
      "type": "azurerm_lb_nat_rule",
      "name": "http",
      "provider": "provider[\"registry.terraform.io/hashicorp/azurerm\"]",
      "instances": [
        {
          "schema_version": 0,
          "attributes": {
            "backend_address_pool_id": null,
            "backend_ip_configuration_id": "",
            "backend_port": 80,
            "enable_floating_ip": false,
            "enable_tcp_reset": false,
            "frontend_ip_configuration_id": "/subscriptions/879725c7-5f63-41db-b9ad-35150bd23e04/resourceGroups/n01525374-assignmemt2-RG/providers/Microsoft.Network/loadBalancers/loadbalancer/frontendIPConfigurations/PublicIPAddress",
            "frontend_ip_configuration_name": "PublicIPAddress",
            "frontend_port": 80,
            "frontend_port_end": null,
            "frontend_port_start": null,
            "id": "/subscriptions/879725c7-5f63-41db-b9ad-35150bd23e04/resourceGroups/n01525374-assignmemt2-RG/providers/Microsoft.Network/loadBalancers/loadbalancer/inboundNatRules/http",
            "idle_timeout_in_minutes": 4,
            "loadbalancer_id": "/subscriptions/879725c7-5f63-41db-b9ad-35150bd23e04/resourceGroups/n01525374-assignmemt2-RG/providers/Microsoft.Network/loadBalancers/loadbalancer",
            "name": "http",
            "protocol": "Tcp",
            "resource_group_name": "n01525374-assignmemt2-RG",
            "timeouts": null
          },
          "sensitive_attributes": [],
          "private": "eyJlMmJmYjczMC1lY2FhLTExZTYtOGY4OC0zNDM2M2JjN2M0YzAiOnsiY3JlYXRlIjoxODAwMDAwMDAwMDAwLCJkZWxldGUiOjE4MDAwMDAwMDAwMDAsInJlYWQiOjMwMDAwMDAwMDAwMCwidXBkYXRlIjoxODAwMDAwMDAwMDAwfX0=",
          "dependencies": [
            "module.loadbalancer.azurerm_lb.loadbalancer",
            "module.loadbalancer.azurerm_public_ip.publicip",
            "module.rgroup.azurerm_resource_group.rgroup"
          ]
        }
      ]
    },
    {
      "module": "module.loadbalancer",
      "mode": "managed",
      "type": "azurerm_lb_probe",
      "name": "http",
      "provider": "provider[\"registry.terraform.io/hashicorp/azurerm\"]",
      "instances": [
        {
          "schema_version": 0,
          "attributes": {
            "id": "/subscriptions/879725c7-5f63-41db-b9ad-35150bd23e04/resourceGroups/n01525374-assignmemt2-RG/providers/Microsoft.Network/loadBalancers/loadbalancer/probes/http",
            "interval_in_seconds": 15,
            "load_balancer_rules": [],
            "loadbalancer_id": "/subscriptions/879725c7-5f63-41db-b9ad-35150bd23e04/resourceGroups/n01525374-assignmemt2-RG/providers/Microsoft.Network/loadBalancers/loadbalancer",
            "name": "http",
            "number_of_probes": 2,
            "port": 80,
            "probe_threshold": 1,
            "protocol": "Http",
            "request_path": "/",
            "timeouts": null
          },
          "sensitive_attributes": [],
          "private": "eyJlMmJmYjczMC1lY2FhLTExZTYtOGY4OC0zNDM2M2JjN2M0YzAiOnsiY3JlYXRlIjoxODAwMDAwMDAwMDAwLCJkZWxldGUiOjE4MDAwMDAwMDAwMDAsInJlYWQiOjMwMDAwMDAwMDAwMCwidXBkYXRlIjoxODAwMDAwMDAwMDAwfX0=",
          "dependencies": [
            "module.loadbalancer.azurerm_lb.loadbalancer",
            "module.loadbalancer.azurerm_public_ip.publicip",
            "module.rgroup.azurerm_resource_group.rgroup"
          ]
        }
      ]
    },
    {
      "module": "module.loadbalancer",
      "mode": "managed",
      "type": "azurerm_public_ip",
      "name": "publicip",
      "provider": "provider[\"registry.terraform.io/hashicorp/azurerm\"]",
      "instances": [
        {
          "schema_version": 0,
          "attributes": {
            "allocation_method": "Static",
            "ddos_protection_mode": "VirtualNetworkInherited",
            "ddos_protection_plan_id": null,
            "domain_name_label": "loadbalancer",
            "edge_zone": "",
            "fqdn": "loadbalancer.canadacentral.cloudapp.azure.com",
            "id": "/subscriptions/879725c7-5f63-41db-b9ad-35150bd23e04/resourceGroups/n01525374-assignmemt2-RG/providers/Microsoft.Network/publicIPAddresses/publicip",
            "idle_timeout_in_minutes": 4,
            "ip_address": "20.151.223.61",
            "ip_tags": {},
            "ip_version": "IPv4",
            "location": "canadacentral",
            "name": "publicip",
            "public_ip_prefix_id": null,
            "resource_group_name": "n01525374-assignmemt2-RG",
            "reverse_fqdn": "",
            "sku": "Standard",
            "sku_tier": "Regional",
            "tags": {},
            "timeouts": null,
            "zones": []
          },
          "sensitive_attributes": [],
          "private": "eyJlMmJmYjczMC1lY2FhLTExZTYtOGY4OC0zNDM2M2JjN2M0YzAiOnsiY3JlYXRlIjoxODAwMDAwMDAwMDAwLCJkZWxldGUiOjE4MDAwMDAwMDAwMDAsInJlYWQiOjMwMDAwMDAwMDAwMCwidXBkYXRlIjoxODAwMDAwMDAwMDAwfX0=",
          "dependencies": [
            "module.rgroup.azurerm_resource_group.rgroup"
          ]
        }
      ]
    },
    {
      "module": "module.network",
      "mode": "managed",
      "type": "azurerm_network_security_group",
      "name": "nsg_1",
      "provider": "provider[\"registry.terraform.io/hashicorp/azurerm\"]",
      "instances": [
        {
          "schema_version": 0,
          "attributes": {
            "id": "/subscriptions/879725c7-5f63-41db-b9ad-35150bd23e04/resourceGroups/n01525374-assignmemt2-RG/providers/Microsoft.Network/networkSecurityGroups/nsg1",
            "location": "canadacentral",
            "name": "nsg1",
            "resource_group_name": "n01525374-assignmemt2-RG",
            "security_rule": [
              {
                "access": "Allow",
                "description": "",
                "destination_address_prefix": "*",
                "destination_address_prefixes": [],
                "destination_application_security_group_ids": [],
                "destination_port_range": "22",
                "destination_port_ranges": [],
                "direction": "Inbound",
                "name": "allow_ssh",
                "priority": 100,
                "protocol": "Tcp",
                "source_address_prefix": "*",
                "source_address_prefixes": [],
                "source_application_security_group_ids": [],
                "source_port_range": "*",
                "source_port_ranges": []
              }
            ],
            "tags": {},
            "timeouts": null
          },
          "sensitive_attributes": [],
          "private": "eyJlMmJmYjczMC1lY2FhLTExZTYtOGY4OC0zNDM2M2JjN2M0YzAiOnsiY3JlYXRlIjoxODAwMDAwMDAwMDAwLCJkZWxldGUiOjE4MDAwMDAwMDAwMDAsInJlYWQiOjMwMDAwMDAwMDAwMCwidXBkYXRlIjoxODAwMDAwMDAwMDAwfX0=",
          "dependencies": [
            "module.rgroup.azurerm_resource_group.rgroup"
          ]
        }
      ]
    },
    {
      "module": "module.network",
      "mode": "managed",
      "type": "azurerm_network_security_group",
      "name": "nsg_2",
      "provider": "provider[\"registry.terraform.io/hashicorp/azurerm\"]",
      "instances": [
        {
          "schema_version": 0,
          "attributes": {
            "id": "/subscriptions/879725c7-5f63-41db-b9ad-35150bd23e04/resourceGroups/n01525374-assignmemt2-RG/providers/Microsoft.Network/networkSecurityGroups/nsg2",
            "location": "canadacentral",
            "name": "nsg2",
            "resource_group_name": "n01525374-assignmemt2-RG",
            "security_rule": [
              {
                "access": "Allow",
                "description": "",
                "destination_address_prefix": "*",
                "destination_address_prefixes": [],
                "destination_application_security_group_ids": [],
                "destination_port_range": "3389",
                "destination_port_ranges": [],
                "direction": "Inbound",
                "name": "allow_rdp",
                "priority": 100,
                "protocol": "Tcp",
                "source_address_prefix": "*",
                "source_address_prefixes": [],
                "source_application_security_group_ids": [],
                "source_port_range": "*",
                "source_port_ranges": []
              }
            ],
            "tags": {},
            "timeouts": null
          },
          "sensitive_attributes": [],
          "private": "eyJlMmJmYjczMC1lY2FhLTExZTYtOGY4OC0zNDM2M2JjN2M0YzAiOnsiY3JlYXRlIjoxODAwMDAwMDAwMDAwLCJkZWxldGUiOjE4MDAwMDAwMDAwMDAsInJlYWQiOjMwMDAwMDAwMDAwMCwidXBkYXRlIjoxODAwMDAwMDAwMDAwfX0=",
          "dependencies": [
            "module.rgroup.azurerm_resource_group.rgroup"
          ]
        }
      ]
    },
    {
      "module": "module.network",
      "mode": "managed",
      "type": "azurerm_subnet",
      "name": "subnet_1",
      "provider": "provider[\"registry.terraform.io/hashicorp/azurerm\"]",
      "instances": [
        {
          "schema_version": 0,
          "attributes": {
            "address_prefixes": [
              "10.0.1.0/24"
            ],
            "delegation": [],
            "enforce_private_link_endpoint_network_policies": false,
            "enforce_private_link_service_network_policies": false,
            "id": "/subscriptions/879725c7-5f63-41db-b9ad-35150bd23e04/resourceGroups/n01525374-assignmemt2-RG/providers/Microsoft.Network/virtualNetworks/vnet-lab/subnets/subnet1_name",
            "name": "subnet1_name",
            "private_endpoint_network_policies_enabled": true,
            "private_link_service_network_policies_enabled": true,
            "resource_group_name": "n01525374-assignmemt2-RG",
            "service_endpoint_policy_ids": [],
            "service_endpoints": [],
            "timeouts": null,
            "virtual_network_name": "vnet-lab"
          },
          "sensitive_attributes": [],
          "private": "eyJlMmJmYjczMC1lY2FhLTExZTYtOGY4OC0zNDM2M2JjN2M0YzAiOnsiY3JlYXRlIjoxODAwMDAwMDAwMDAwLCJkZWxldGUiOjE4MDAwMDAwMDAwMDAsInJlYWQiOjMwMDAwMDAwMDAwMCwidXBkYXRlIjoxODAwMDAwMDAwMDAwfX0=",
          "dependencies": [
            "module.network.azurerm_virtual_network.vnet",
            "module.rgroup.azurerm_resource_group.rgroup"
          ]
        }
      ]
    },
    {
      "module": "module.network",
      "mode": "managed",
      "type": "azurerm_subnet",
      "name": "subnet_2",
      "provider": "provider[\"registry.terraform.io/hashicorp/azurerm\"]",
      "instances": [
        {
          "schema_version": 0,
          "attributes": {
            "address_prefixes": [
              "10.0.2.0/24"
            ],
            "delegation": [],
            "enforce_private_link_endpoint_network_policies": false,
            "enforce_private_link_service_network_policies": false,
            "id": "/subscriptions/879725c7-5f63-41db-b9ad-35150bd23e04/resourceGroups/n01525374-assignmemt2-RG/providers/Microsoft.Network/virtualNetworks/vnet-lab/subnets/subnet2_name",
            "name": "subnet2_name",
            "private_endpoint_network_policies_enabled": true,
            "private_link_service_network_policies_enabled": true,
            "resource_group_name": "n01525374-assignmemt2-RG",
            "service_endpoint_policy_ids": [],
            "service_endpoints": [],
            "timeouts": null,
            "virtual_network_name": "vnet-lab"
          },
          "sensitive_attributes": [],
          "private": "eyJlMmJmYjczMC1lY2FhLTExZTYtOGY4OC0zNDM2M2JjN2M0YzAiOnsiY3JlYXRlIjoxODAwMDAwMDAwMDAwLCJkZWxldGUiOjE4MDAwMDAwMDAwMDAsInJlYWQiOjMwMDAwMDAwMDAwMCwidXBkYXRlIjoxODAwMDAwMDAwMDAwfX0=",
          "dependencies": [
            "module.network.azurerm_virtual_network.vnet",
            "module.rgroup.azurerm_resource_group.rgroup"
          ]
        }
      ]
    },
    {
      "module": "module.network",
      "mode": "managed",
      "type": "azurerm_virtual_network",
      "name": "vnet",
      "provider": "provider[\"registry.terraform.io/hashicorp/azurerm\"]",
      "instances": [
        {
          "schema_version": 0,
          "attributes": {
            "address_space": [
              "10.0.0.0/16"
            ],
            "bgp_community": "",
            "ddos_protection_plan": [],
            "dns_servers": [],
            "edge_zone": "",
            "flow_timeout_in_minutes": 0,
            "guid": "51ff0541-7185-4293-821d-887ccbcbf9b9",
            "id": "/subscriptions/879725c7-5f63-41db-b9ad-35150bd23e04/resourceGroups/n01525374-assignmemt2-RG/providers/Microsoft.Network/virtualNetworks/vnet-lab",
            "location": "canadacentral",
            "name": "vnet-lab",
            "resource_group_name": "n01525374-assignmemt2-RG",
            "subnet": [
              {
                "address_prefix": "10.0.1.0/24",
                "id": "/subscriptions/879725c7-5f63-41db-b9ad-35150bd23e04/resourceGroups/n01525374-assignmemt2-RG/providers/Microsoft.Network/virtualNetworks/vnet-lab/subnets/subnet1_name",
                "name": "subnet1_name",
                "security_group": ""
              },
              {
                "address_prefix": "10.0.2.0/24",
                "id": "/subscriptions/879725c7-5f63-41db-b9ad-35150bd23e04/resourceGroups/n01525374-assignmemt2-RG/providers/Microsoft.Network/virtualNetworks/vnet-lab/subnets/subnet2_name",
                "name": "subnet2_name",
                "security_group": ""
              }
            ],
            "tags": {
              "Environment": "Lab",
              "ExpirationDate": "2023-06-30",
              "Name": "akinloye.aremu",
              "Project": "Automation Project – Assignment 1"
            },
            "timeouts": null
          },
          "sensitive_attributes": [],
          "private": "eyJlMmJmYjczMC1lY2FhLTExZTYtOGY4OC0zNDM2M2JjN2M0YzAiOnsiY3JlYXRlIjoxODAwMDAwMDAwMDAwLCJkZWxldGUiOjE4MDAwMDAwMDAwMDAsInJlYWQiOjMwMDAwMDAwMDAwMCwidXBkYXRlIjoxODAwMDAwMDAwMDAwfX0=",
          "dependencies": [
            "module.rgroup.azurerm_resource_group.rgroup"
          ]
        }
      ]
    },
    {
      "module": "module.rgroup",
      "mode": "managed",
      "type": "azurerm_resource_group",
      "name": "rgroup",
      "provider": "provider[\"registry.terraform.io/hashicorp/azurerm\"]",
      "instances": [
        {
          "schema_version": 0,
          "attributes": {
            "id": "/subscriptions/879725c7-5f63-41db-b9ad-35150bd23e04/resourceGroups/n01525374-assignmemt2-RG",
            "location": "canadacentral",
            "name": "n01525374-assignmemt2-RG",
            "tags": {
              "Environment": "Lab",
              "ExpirationDate": "2023-06-30",
              "Name": "akinloye.aremu",
              "Project": "Automation Project – Assignment 1"
            },
            "timeouts": {
              "create": null,
              "delete": null,
              "read": null,
              "update": null
            }
          },
          "sensitive_attributes": [],
          "private": "eyJlMmJmYjczMC1lY2FhLTExZTYtOGY4OC0zNDM2M2JjN2M0YzAiOnsiY3JlYXRlIjo1NDAwMDAwMDAwMDAwLCJkZWxldGUiOjU0MDAwMDAwMDAwMDAsInJlYWQiOjMwMDAwMDAwMDAwMCwidXBkYXRlIjo1NDAwMDAwMDAwMDAwfSwic2NoZW1hX3ZlcnNpb24iOiIwIn0="
        }
      ]
    },
    {
      "module": "module.vmlinux",
      "mode": "managed",
      "type": "azurerm_availability_set",
      "name": "availability_set",
      "provider": "provider[\"registry.terraform.io/hashicorp/azurerm\"]",
      "instances": [
        {
          "schema_version": 0,
          "attributes": {
            "id": "/subscriptions/879725c7-5f63-41db-b9ad-35150bd23e04/resourceGroups/n01525374-assignmemt2-RG/providers/Microsoft.Compute/availabilitySets/linux-avs",
            "location": "canadacentral",
            "managed": true,
            "name": "linux-avs",
            "platform_fault_domain_count": 3,
            "platform_update_domain_count": 5,
            "proximity_placement_group_id": null,
            "resource_group_name": "n01525374-assignmemt2-RG",
            "tags": {},
            "timeouts": null
          },
          "sensitive_attributes": [],
          "private": "eyJlMmJmYjczMC1lY2FhLTExZTYtOGY4OC0zNDM2M2JjN2M0YzAiOnsiY3JlYXRlIjoxODAwMDAwMDAwMDAwLCJkZWxldGUiOjE4MDAwMDAwMDAwMDAsInJlYWQiOjMwMDAwMDAwMDAwMCwidXBkYXRlIjoxODAwMDAwMDAwMDAwfX0=",
          "dependencies": [
            "module.rgroup.azurerm_resource_group.rgroup"
          ]
        }
      ]
    },
    {
      "module": "module.vmlinux",
      "mode": "managed",
      "type": "azurerm_linux_virtual_machine",
      "name": "vm",
      "provider": "provider[\"registry.terraform.io/hashicorp/azurerm\"]",
      "instances": [
        {
          "index_key": 0,
          "schema_version": 0,
          "attributes": {
            "additional_capabilities": [],
            "admin_password": null,
            "admin_ssh_key": [
              {
                "public_key": "ssh-rsa AAAAB3NzaC1yc2EAAAADAQABAAABgQC2ucaxj49GJyPSHOdBM9Q2/v3c8BxY/29mb6NDWfnPJCXnojAyz69Losb/Oo7F0J6pP6wAd5anp+dwYYVwLKWd/cRALhBc9gHUWP2XebOfpgmPclWzaoHrTbbtTOUhClPRGImnjJT8s12Tm7XfK2n/o20lfvmFvdzVq0MnSGf+KnizPeBqi/lQwCulABgeGF14DVtzSvBHFQ+45yYNAiBpkrbIAWC+PfWqSY0ghJ4QCHwgShBgbUPSFSMdOQaEoYcwVwCUK1M0PJxiWNL+3eBrnXNODuCgcbtQ0sMcgxbCw04Z50igki38guExAOFaP/7X32QH99SW959OarWZJyVFg/v7F5kpAHynJs0aAi40d2qmJ1586w+zQ+i30hLeaqgVSBonmQtZxZvDRPmCMtPyUu4JVCtAcLrIwCCEW6MPRokiCZ5/ZwVoEbo+mC3XznvCSHeR+5fKQMGfN957vcqm8FdJbsZYaPBlz34JfYPBY/tV4VPdytBn5KzIKplcNw8= aaare@DESKTOP-IQPSP2O\r\n",
                "username": "Akinloye-N01525374"
              }
            ],
            "admin_username": "Akinloye-N01525374",
            "allow_extension_operations": true,
            "availability_set_id": "",
            "boot_diagnostics": [],
            "capacity_reservation_group_id": "",
            "computer_name": "5374-u-vm-1",
            "custom_data": null,
            "dedicated_host_group_id": "",
            "dedicated_host_id": "",
            "disable_password_authentication": true,
            "edge_zone": "",
            "encryption_at_host_enabled": false,
            "eviction_policy": "",
            "extensions_time_budget": "PT1H30M",
            "gallery_application": [],
            "id": "/subscriptions/879725c7-5f63-41db-b9ad-35150bd23e04/resourceGroups/n01525374-assignmemt2-RG/providers/Microsoft.Compute/virtualMachines/5374-u-vm-1",
            "identity": [],
            "license_type": "",
            "location": "canadacentral",
            "max_bid_price": -1,
            "name": "5374-u-vm-1",
            "network_interface_ids": [
              "/subscriptions/879725c7-5f63-41db-b9ad-35150bd23e04/resourceGroups/n01525374-assignmemt1-RG/providers/Microsoft.Network/networkInterfaces/5374-u-vm-0-nic"
            ],
            "os_disk": [
              {
                "caching": "ReadWrite",
                "diff_disk_settings": [],
                "disk_encryption_set_id": "",
                "disk_size_gb": 30,
                "name": "5374-u-vm-os-disk-1",
                "secure_vm_disk_encryption_set_id": "",
                "security_encryption_type": "",
                "storage_account_type": "Premium_LRS",
                "write_accelerator_enabled": false
              }
            ],
            "patch_assessment_mode": "ImageDefault",
            "patch_mode": "ImageDefault",
            "plan": [],
            "platform_fault_domain": -1,
            "priority": "Regular",
            "private_ip_address": "10.0.1.6",
            "private_ip_addresses": [
              "10.0.1.6"
            ],
            "provision_vm_agent": true,
            "proximity_placement_group_id": "",
            "public_ip_address": "20.104.17.248",
            "public_ip_addresses": [
              "20.104.17.248"
            ],
            "resource_group_name": "n01525374-assignmemt2-RG",
            "secret": [],
            "secure_boot_enabled": false,
            "size": "Standard_B1ms",
            "source_image_id": "",
            "source_image_reference": [
              {
                "offer": "CentOS",
                "publisher": "OpenLogic",
                "sku": "8_2",
                "version": "latest"
              }
            ],
            "tags": {
              "Environment": "Lab",
              "ExpirationDate": "2023-06-30",
              "Name": "akinloye.aremu",
              "Project": "Automation Project – Assignment 1"
            },
            "termination_notification": [],
            "timeouts": null,
            "user_data": "",
            "virtual_machine_id": "77b66c00-ce91-48af-b4c6-2d591f33272a",
            "virtual_machine_scale_set_id": "",
            "vtpm_enabled": false,
            "zone": ""
          },
          "sensitive_attributes": [],
          "private": "eyJlMmJmYjczMC1lY2FhLTExZTYtOGY4OC0zNDM2M2JjN2M0YzAiOnsiY3JlYXRlIjoyNzAwMDAwMDAwMDAwLCJkZWxldGUiOjI3MDAwMDAwMDAwMDAsInJlYWQiOjMwMDAwMDAwMDAwMCwidXBkYXRlIjoyNzAwMDAwMDAwMDAwfX0=",
          "dependencies": [
            "module.network.azurerm_subnet.subnet_1",
            "module.network.azurerm_virtual_network.vnet",
            "module.rgroup.azurerm_resource_group.rgroup",
            "module.vmlinux.azurerm_network_interface.vm_nic",
            "module.vmlinux.azurerm_public_ip.vm-pip",
            "module.vmlinux.module.rgroup.azurerm_resource_group.rgroup"
          ]
        },
        {
          "index_key": 1,
          "schema_version": 0,
          "attributes": {
            "additional_capabilities": [],
            "admin_password": null,
            "admin_ssh_key": [
              {
                "public_key": "ssh-rsa AAAAB3NzaC1yc2EAAAADAQABAAABgQC2ucaxj49GJyPSHOdBM9Q2/v3c8BxY/29mb6NDWfnPJCXnojAyz69Losb/Oo7F0J6pP6wAd5anp+dwYYVwLKWd/cRALhBc9gHUWP2XebOfpgmPclWzaoHrTbbtTOUhClPRGImnjJT8s12Tm7XfK2n/o20lfvmFvdzVq0MnSGf+KnizPeBqi/lQwCulABgeGF14DVtzSvBHFQ+45yYNAiBpkrbIAWC+PfWqSY0ghJ4QCHwgShBgbUPSFSMdOQaEoYcwVwCUK1M0PJxiWNL+3eBrnXNODuCgcbtQ0sMcgxbCw04Z50igki38guExAOFaP/7X32QH99SW959OarWZJyVFg/v7F5kpAHynJs0aAi40d2qmJ1586w+zQ+i30hLeaqgVSBonmQtZxZvDRPmCMtPyUu4JVCtAcLrIwCCEW6MPRokiCZ5/ZwVoEbo+mC3XznvCSHeR+5fKQMGfN957vcqm8FdJbsZYaPBlz34JfYPBY/tV4VPdytBn5KzIKplcNw8= aaare@DESKTOP-IQPSP2O\r\n",
                "username": "Akinloye-N01525374"
              }
            ],
            "admin_username": "Akinloye-N01525374",
            "allow_extension_operations": true,
            "availability_set_id": "",
            "boot_diagnostics": [],
            "capacity_reservation_group_id": "",
            "computer_name": "5374-u-vm-2",
            "custom_data": null,
            "dedicated_host_group_id": "",
            "dedicated_host_id": "",
            "disable_password_authentication": true,
            "edge_zone": "",
            "encryption_at_host_enabled": false,
            "eviction_policy": "",
            "extensions_time_budget": "PT1H30M",
            "gallery_application": [],
            "id": "/subscriptions/879725c7-5f63-41db-b9ad-35150bd23e04/resourceGroups/n01525374-assignmemt2-RG/providers/Microsoft.Compute/virtualMachines/5374-u-vm-2",
            "identity": [],
            "license_type": "",
            "location": "canadacentral",
            "max_bid_price": -1,
            "name": "5374-u-vm-2",
            "network_interface_ids": [
              "/subscriptions/879725c7-5f63-41db-b9ad-35150bd23e04/resourceGroups/n01525374-assignmemt1-RG/providers/Microsoft.Network/networkInterfaces/5374-u-vm-1-nic"
            ],
            "os_disk": [
              {
                "caching": "ReadWrite",
                "diff_disk_settings": [],
                "disk_encryption_set_id": "",
                "disk_size_gb": 30,
                "name": "5374-u-vm-os-disk-2",
                "secure_vm_disk_encryption_set_id": "",
                "security_encryption_type": "",
                "storage_account_type": "Premium_LRS",
                "write_accelerator_enabled": false
              }
            ],
            "patch_assessment_mode": "ImageDefault",
            "patch_mode": "ImageDefault",
            "plan": [],
            "platform_fault_domain": -1,
            "priority": "Regular",
            "private_ip_address": "10.0.1.5",
            "private_ip_addresses": [
              "10.0.1.5"
            ],
            "provision_vm_agent": true,
            "proximity_placement_group_id": "",
            "public_ip_address": "20.104.75.60",
            "public_ip_addresses": [
              "20.104.75.60"
            ],
            "resource_group_name": "n01525374-assignmemt2-RG",
            "secret": [],
            "secure_boot_enabled": false,
            "size": "Standard_B1ms",
            "source_image_id": "",
            "source_image_reference": [
              {
                "offer": "CentOS",
                "publisher": "OpenLogic",
                "sku": "8_2",
                "version": "latest"
              }
            ],
            "tags": {
              "Environment": "Lab",
              "ExpirationDate": "2023-06-30",
              "Name": "akinloye.aremu",
              "Project": "Automation Project – Assignment 1"
            },
            "termination_notification": [],
            "timeouts": null,
            "user_data": "",
            "virtual_machine_id": "ea9e8ddb-8204-4857-9f34-b7d3428abdfd",
            "virtual_machine_scale_set_id": "",
            "vtpm_enabled": false,
            "zone": ""
          },
          "sensitive_attributes": [],
          "private": "eyJlMmJmYjczMC1lY2FhLTExZTYtOGY4OC0zNDM2M2JjN2M0YzAiOnsiY3JlYXRlIjoyNzAwMDAwMDAwMDAwLCJkZWxldGUiOjI3MDAwMDAwMDAwMDAsInJlYWQiOjMwMDAwMDAwMDAwMCwidXBkYXRlIjoyNzAwMDAwMDAwMDAwfX0=",
          "dependencies": [
            "module.network.azurerm_subnet.subnet_1",
            "module.network.azurerm_virtual_network.vnet",
            "module.rgroup.azurerm_resource_group.rgroup",
            "module.vmlinux.azurerm_network_interface.vm_nic",
            "module.vmlinux.azurerm_public_ip.vm-pip",
            "module.vmlinux.module.rgroup.azurerm_resource_group.rgroup"
          ]
        }
      ]
    },
    {
      "module": "module.vmlinux",
      "mode": "managed",
      "type": "azurerm_network_interface",
      "name": "vm_nic",
      "provider": "provider[\"registry.terraform.io/hashicorp/azurerm\"]",
      "instances": [
        {
          "index_key": 0,
          "schema_version": 0,
          "attributes": {
            "applied_dns_servers": [],
            "dns_servers": [],
            "edge_zone": "",
            "enable_accelerated_networking": false,
            "enable_ip_forwarding": false,
            "id": "/subscriptions/879725c7-5f63-41db-b9ad-35150bd23e04/resourceGroups/n01525374-assignmemt1-RG/providers/Microsoft.Network/networkInterfaces/5374-u-vm-0-nic",
            "internal_dns_name_label": "",
            "internal_domain_name_suffix": "iec54umfogjufaq3rb4mxs5zxb.ux.internal.cloudapp.net",
            "ip_configuration": [
              {
                "gateway_load_balancer_frontend_ip_configuration_id": "",
                "name": "5374-u-vm-ipconfig1-1",
                "primary": true,
                "private_ip_address": "10.0.1.6",
                "private_ip_address_allocation": "Dynamic",
                "private_ip_address_version": "IPv4",
                "public_ip_address_id": "/subscriptions/879725c7-5f63-41db-b9ad-35150bd23e04/resourceGroups/n01525374-assignmemt1-RG/providers/Microsoft.Network/publicIPAddresses/5374-u-vm-0-pip",
                "subnet_id": "/subscriptions/879725c7-5f63-41db-b9ad-35150bd23e04/resourceGroups/n01525374-assignmemt2-RG/providers/Microsoft.Network/virtualNetworks/vnet-lab/subnets/subnet1_name"
              }
            ],
            "location": "canadacentral",
            "mac_address": "60-45-BD-5B-A6-01",
            "name": "5374-u-vm-0-nic",
            "private_ip_address": "10.0.1.6",
            "private_ip_addresses": [
              "10.0.1.6"
            ],
            "resource_group_name": "n01525374-assignmemt1-RG",
            "tags": {
              "Environment": "Lab",
              "ExpirationDate": "2023-06-30",
              "Name": "akinloye.aremu",
              "Project": "Automation Project – Assignment 1"
            },
            "timeouts": null,
            "virtual_machine_id": "/subscriptions/879725c7-5f63-41db-b9ad-35150bd23e04/resourceGroups/n01525374-assignmemt2-RG/providers/Microsoft.Compute/virtualMachines/5374-u-vm-1"
          },
          "sensitive_attributes": [],
          "private": "eyJlMmJmYjczMC1lY2FhLTExZTYtOGY4OC0zNDM2M2JjN2M0YzAiOnsiY3JlYXRlIjoxODAwMDAwMDAwMDAwLCJkZWxldGUiOjE4MDAwMDAwMDAwMDAsInJlYWQiOjMwMDAwMDAwMDAwMCwidXBkYXRlIjoxODAwMDAwMDAwMDAwfX0=",
          "dependencies": [
            "module.network.azurerm_subnet.subnet_1",
            "module.network.azurerm_virtual_network.vnet",
            "module.rgroup.azurerm_resource_group.rgroup",
            "module.vmlinux.azurerm_public_ip.vm-pip",
            "module.vmlinux.module.rgroup.azurerm_resource_group.rgroup"
          ]
        },
        {
          "index_key": 1,
          "schema_version": 0,
          "attributes": {
            "applied_dns_servers": [],
            "dns_servers": [],
            "edge_zone": "",
            "enable_accelerated_networking": false,
            "enable_ip_forwarding": false,
            "id": "/subscriptions/879725c7-5f63-41db-b9ad-35150bd23e04/resourceGroups/n01525374-assignmemt1-RG/providers/Microsoft.Network/networkInterfaces/5374-u-vm-1-nic",
            "internal_dns_name_label": "",
            "internal_domain_name_suffix": "iec54umfogjufaq3rb4mxs5zxb.ux.internal.cloudapp.net",
            "ip_configuration": [
              {
                "gateway_load_balancer_frontend_ip_configuration_id": "",
                "name": "5374-u-vm-ipconfig1-2",
                "primary": true,
                "private_ip_address": "10.0.1.5",
                "private_ip_address_allocation": "Dynamic",
                "private_ip_address_version": "IPv4",
                "public_ip_address_id": "/subscriptions/879725c7-5f63-41db-b9ad-35150bd23e04/resourceGroups/n01525374-assignmemt1-RG/providers/Microsoft.Network/publicIPAddresses/5374-u-vm-1-pip",
                "subnet_id": "/subscriptions/879725c7-5f63-41db-b9ad-35150bd23e04/resourceGroups/n01525374-assignmemt2-RG/providers/Microsoft.Network/virtualNetworks/vnet-lab/subnets/subnet1_name"
              }
            ],
            "location": "canadacentral",
            "mac_address": "00-22-48-3B-BE-AD",
            "name": "5374-u-vm-1-nic",
            "private_ip_address": "10.0.1.5",
            "private_ip_addresses": [
              "10.0.1.5"
            ],
            "resource_group_name": "n01525374-assignmemt1-RG",
            "tags": {
              "Environment": "Lab",
              "ExpirationDate": "2023-06-30",
              "Name": "akinloye.aremu",
              "Project": "Automation Project – Assignment 1"
            },
            "timeouts": null,
            "virtual_machine_id": "/subscriptions/879725c7-5f63-41db-b9ad-35150bd23e04/resourceGroups/n01525374-assignmemt2-RG/providers/Microsoft.Compute/virtualMachines/5374-u-vm-2"
          },
          "sensitive_attributes": [],
          "private": "eyJlMmJmYjczMC1lY2FhLTExZTYtOGY4OC0zNDM2M2JjN2M0YzAiOnsiY3JlYXRlIjoxODAwMDAwMDAwMDAwLCJkZWxldGUiOjE4MDAwMDAwMDAwMDAsInJlYWQiOjMwMDAwMDAwMDAwMCwidXBkYXRlIjoxODAwMDAwMDAwMDAwfX0=",
          "dependencies": [
            "module.network.azurerm_subnet.subnet_1",
            "module.network.azurerm_virtual_network.vnet",
            "module.rgroup.azurerm_resource_group.rgroup",
            "module.vmlinux.azurerm_public_ip.vm-pip",
            "module.vmlinux.module.rgroup.azurerm_resource_group.rgroup"
          ]
        }
      ]
    },
    {
      "module": "module.vmlinux",
      "mode": "managed",
      "type": "azurerm_public_ip",
      "name": "vm-pip",
      "provider": "provider[\"registry.terraform.io/hashicorp/azurerm\"]",
      "instances": [
        {
          "index_key": 0,
          "schema_version": 0,
          "attributes": {
            "allocation_method": "Dynamic",
            "ddos_protection_mode": "VirtualNetworkInherited",
            "ddos_protection_plan_id": null,
            "domain_name_label": "centos-vm-0",
            "edge_zone": "",
            "fqdn": "centos-vm-0.canadacentral.cloudapp.azure.com",
            "id": "/subscriptions/879725c7-5f63-41db-b9ad-35150bd23e04/resourceGroups/n01525374-assignmemt1-RG/providers/Microsoft.Network/publicIPAddresses/5374-u-vm-0-pip",
            "idle_timeout_in_minutes": 4,
            "ip_address": "20.104.17.248",
            "ip_tags": {},
            "ip_version": "IPv4",
            "location": "canadacentral",
            "name": "5374-u-vm-0-pip",
            "public_ip_prefix_id": null,
            "resource_group_name": "n01525374-assignmemt1-RG",
            "reverse_fqdn": "",
            "sku": "Basic",
            "sku_tier": "Regional",
            "tags": {
              "Environment": "Lab",
              "ExpirationDate": "2023-06-30",
              "Name": "akinloye.aremu",
              "Project": "Automation Project – Assignment 1"
            },
            "timeouts": null,
            "zones": []
          },
          "sensitive_attributes": [],
          "private": "eyJlMmJmYjczMC1lY2FhLTExZTYtOGY4OC0zNDM2M2JjN2M0YzAiOnsiY3JlYXRlIjoxODAwMDAwMDAwMDAwLCJkZWxldGUiOjE4MDAwMDAwMDAwMDAsInJlYWQiOjMwMDAwMDAwMDAwMCwidXBkYXRlIjoxODAwMDAwMDAwMDAwfX0=",
          "dependencies": [
            "module.vmlinux.module.rgroup.azurerm_resource_group.rgroup"
          ]
        },
        {
          "index_key": 1,
          "schema_version": 0,
          "attributes": {
            "allocation_method": "Dynamic",
            "ddos_protection_mode": "VirtualNetworkInherited",
            "ddos_protection_plan_id": null,
            "domain_name_label": "centos-vm-1",
            "edge_zone": "",
            "fqdn": "centos-vm-1.canadacentral.cloudapp.azure.com",
            "id": "/subscriptions/879725c7-5f63-41db-b9ad-35150bd23e04/resourceGroups/n01525374-assignmemt1-RG/providers/Microsoft.Network/publicIPAddresses/5374-u-vm-1-pip",
            "idle_timeout_in_minutes": 4,
            "ip_address": "20.104.75.60",
            "ip_tags": {},
            "ip_version": "IPv4",
            "location": "canadacentral",
            "name": "5374-u-vm-1-pip",
            "public_ip_prefix_id": null,
            "resource_group_name": "n01525374-assignmemt1-RG",
            "reverse_fqdn": "",
            "sku": "Basic",
            "sku_tier": "Regional",
            "tags": {
              "Environment": "Lab",
              "ExpirationDate": "2023-06-30",
              "Name": "akinloye.aremu",
              "Project": "Automation Project – Assignment 1"
            },
            "timeouts": null,
            "zones": []
          },
          "sensitive_attributes": [],
          "private": "eyJlMmJmYjczMC1lY2FhLTExZTYtOGY4OC0zNDM2M2JjN2M0YzAiOnsiY3JlYXRlIjoxODAwMDAwMDAwMDAwLCJkZWxldGUiOjE4MDAwMDAwMDAwMDAsInJlYWQiOjMwMDAwMDAwMDAwMCwidXBkYXRlIjoxODAwMDAwMDAwMDAwfX0=",
          "dependencies": [
            "module.vmlinux.module.rgroup.azurerm_resource_group.rgroup"
          ]
        }
      ]
    },
    {
      "module": "module.vmlinux",
      "mode": "managed",
      "type": "null_resource",
      "name": "linux_provisioner",
      "provider": "provider[\"registry.terraform.io/hashicorp/null\"]",
      "instances": [
        {
          "index_key": 0,
          "schema_version": 0,
          "attributes": {
            "id": "4867651822642598473",
            "triggers": null
          },
          "sensitive_attributes": [],
          "dependencies": [
            "module.network.azurerm_subnet.subnet_1",
            "module.network.azurerm_virtual_network.vnet",
            "module.rgroup.azurerm_resource_group.rgroup",
            "module.vmlinux.azurerm_linux_virtual_machine.vm",
            "module.vmlinux.azurerm_network_interface.vm_nic",
            "module.vmlinux.azurerm_public_ip.vm-pip",
            "module.vmlinux.module.rgroup.azurerm_resource_group.rgroup"
          ]
        },
        {
          "index_key": 1,
          "schema_version": 0,
          "attributes": {
            "id": "3314944806229830723",
            "triggers": null
          },
          "sensitive_attributes": [],
          "dependencies": [
            "module.vmlinux.azurerm_linux_virtual_machine.vm"
          ]
        }
      ]
    },
    {
      "module": "module.vmlinux.module.rgroup",
      "mode": "managed",
      "type": "azurerm_resource_group",
      "name": "rgroup",
      "provider": "provider[\"registry.terraform.io/hashicorp/azurerm\"]",
      "instances": [
        {
          "schema_version": 0,
          "attributes": {
            "id": "/subscriptions/879725c7-5f63-41db-b9ad-35150bd23e04/resourceGroups/n01525374-assignmemt1-RG",
            "location": "canadacentral",
            "name": "n01525374-assignmemt1-RG",
            "tags": {
              "Environment": "Lab",
              "ExpirationDate": "2023-06-30",
              "Name": "akinloye.aremu",
              "Project": "Automation Project – Assignment 1"
            },
            "timeouts": null
          },
          "sensitive_attributes": [],
          "private": "eyJlMmJmYjczMC1lY2FhLTExZTYtOGY4OC0zNDM2M2JjN2M0YzAiOnsiY3JlYXRlIjo1NDAwMDAwMDAwMDAwLCJkZWxldGUiOjU0MDAwMDAwMDAwMDAsInJlYWQiOjMwMDAwMDAwMDAwMCwidXBkYXRlIjo1NDAwMDAwMDAwMDAwfX0="
        }
      ]
    },
    {
      "module": "module.vmwindows",
      "mode": "managed",
      "type": "azurerm_availability_set",
      "name": "availability_set",
      "provider": "provider[\"registry.terraform.io/hashicorp/azurerm\"]",
      "instances": [
        {
          "schema_version": 0,
          "attributes": {
            "id": "/subscriptions/879725c7-5f63-41db-b9ad-35150bd23e04/resourceGroups/n01525374-assignmemt1-RG/providers/Microsoft.Compute/availabilitySets/windows_avs",
            "location": "canadacentral",
            "managed": true,
            "name": "windows_avs",
            "platform_fault_domain_count": 2,
            "platform_update_domain_count": 5,
            "proximity_placement_group_id": null,
            "resource_group_name": "n01525374-assignmemt1-RG",
            "tags": {},
            "timeouts": null
          },
          "sensitive_attributes": [],
          "private": "eyJlMmJmYjczMC1lY2FhLTExZTYtOGY4OC0zNDM2M2JjN2M0YzAiOnsiY3JlYXRlIjoxODAwMDAwMDAwMDAwLCJkZWxldGUiOjE4MDAwMDAwMDAwMDAsInJlYWQiOjMwMDAwMDAwMDAwMCwidXBkYXRlIjoxODAwMDAwMDAwMDAwfX0=",
          "dependencies": [
            "module.vmwindows.module.rgroup.azurerm_resource_group.rgroup"
          ]
        }
      ]
    },
    {
      "module": "module.vmwindows",
      "mode": "managed",
      "type": "azurerm_network_interface",
      "name": "vm_nic",
      "provider": "provider[\"registry.terraform.io/hashicorp/azurerm\"]",
      "instances": [
        {
          "schema_version": 0,
          "attributes": {
            "applied_dns_servers": [],
            "dns_servers": [],
            "edge_zone": "",
            "enable_accelerated_networking": false,
            "enable_ip_forwarding": false,
            "id": "/subscriptions/879725c7-5f63-41db-b9ad-35150bd23e04/resourceGroups/n01525374-assignmemt2-RG/providers/Microsoft.Network/networkInterfaces/5374-w-vm1-nic",
            "internal_dns_name_label": "",
            "internal_domain_name_suffix": "iec54umfogjufaq3rb4mxs5zxb.ux.internal.cloudapp.net",
            "ip_configuration": [
              {
                "gateway_load_balancer_frontend_ip_configuration_id": "",
                "name": "5374-w-vm1-ip-config",
                "primary": true,
                "private_ip_address": "10.0.1.4",
                "private_ip_address_allocation": "Dynamic",
                "private_ip_address_version": "IPv4",
                "public_ip_address_id": "/subscriptions/879725c7-5f63-41db-b9ad-35150bd23e04/resourceGroups/n01525374-assignmemt1-RG/providers/Microsoft.Network/publicIPAddresses/5374-w-vm1-pip",
                "subnet_id": "/subscriptions/879725c7-5f63-41db-b9ad-35150bd23e04/resourceGroups/n01525374-assignmemt2-RG/providers/Microsoft.Network/virtualNetworks/vnet-lab/subnets/subnet1_name"
              }
            ],
            "location": "canadacentral",
            "mac_address": "60-45-BD-5F-85-63",
            "name": "5374-w-vm1-nic",
            "private_ip_address": "10.0.1.4",
            "private_ip_addresses": [
              "10.0.1.4"
            ],
            "resource_group_name": "n01525374-assignmemt2-RG",
            "tags": {
              "Environment": "Lab",
              "ExpirationDate": "2023-06-30",
              "Name": "akinloye.aremu",
              "Project": "Automation Project – Assignment 1"
            },
            "timeouts": null,
            "virtual_machine_id": "/subscriptions/879725c7-5f63-41db-b9ad-35150bd23e04/resourceGroups/n01525374-assignmemt1-RG/providers/Microsoft.Compute/virtualMachines/5374-w-vm1-win"
          },
          "sensitive_attributes": [],
          "private": "eyJlMmJmYjczMC1lY2FhLTExZTYtOGY4OC0zNDM2M2JjN2M0YzAiOnsiY3JlYXRlIjoxODAwMDAwMDAwMDAwLCJkZWxldGUiOjE4MDAwMDAwMDAwMDAsInJlYWQiOjMwMDAwMDAwMDAwMCwidXBkYXRlIjoxODAwMDAwMDAwMDAwfX0=",
          "dependencies": [
            "module.network.azurerm_subnet.subnet_1",
            "module.network.azurerm_virtual_network.vnet",
            "module.rgroup.azurerm_resource_group.rgroup",
            "module.vmwindows.azurerm_public_ip.pip_windows",
            "module.vmwindows.module.rgroup.azurerm_resource_group.rgroup"
          ]
        }
      ]
    },
    {
      "module": "module.vmwindows",
      "mode": "managed",
      "type": "azurerm_public_ip",
      "name": "pip_windows",
      "provider": "provider[\"registry.terraform.io/hashicorp/azurerm\"]",
      "instances": [
        {
          "schema_version": 0,
          "attributes": {
            "allocation_method": "Dynamic",
            "ddos_protection_mode": "VirtualNetworkInherited",
            "ddos_protection_plan_id": null,
            "domain_name_label": null,
            "edge_zone": "",
            "fqdn": null,
            "id": "/subscriptions/879725c7-5f63-41db-b9ad-35150bd23e04/resourceGroups/n01525374-assignmemt1-RG/providers/Microsoft.Network/publicIPAddresses/5374-w-vm1-pip",
            "idle_timeout_in_minutes": 4,
            "ip_address": "20.151.218.18",
            "ip_tags": {},
            "ip_version": "IPv4",
            "location": "canadacentral",
            "name": "5374-w-vm1-pip",
            "public_ip_prefix_id": null,
            "resource_group_name": "n01525374-assignmemt1-RG",
            "reverse_fqdn": null,
            "sku": "Basic",
            "sku_tier": "Regional",
            "tags": {
              "Environment": "Lab",
              "ExpirationDate": "2023-06-30",
              "Name": "akinloye.aremu",
              "Project": "Automation Project – Assignment 1"
            },
            "timeouts": null,
            "zones": []
          },
          "sensitive_attributes": [],
          "private": "eyJlMmJmYjczMC1lY2FhLTExZTYtOGY4OC0zNDM2M2JjN2M0YzAiOnsiY3JlYXRlIjoxODAwMDAwMDAwMDAwLCJkZWxldGUiOjE4MDAwMDAwMDAwMDAsInJlYWQiOjMwMDAwMDAwMDAwMCwidXBkYXRlIjoxODAwMDAwMDAwMDAwfX0=",
          "dependencies": [
            "module.vmwindows.module.rgroup.azurerm_resource_group.rgroup"
          ]
        }
      ]
    },
    {
      "module": "module.vmwindows",
      "mode": "managed",
      "type": "azurerm_virtual_machine_extension",
      "name": "extension",
      "provider": "provider[\"registry.terraform.io/hashicorp/azurerm\"]",
      "instances": [
        {
          "schema_version": 0,
          "attributes": {
            "auto_upgrade_minor_version": false,
            "automatic_upgrade_enabled": false,
            "failure_suppression_enabled": false,
            "id": "/subscriptions/879725c7-5f63-41db-b9ad-35150bd23e04/resourceGroups/n01525374-assignmemt1-RG/providers/Microsoft.Compute/virtualMachines/5374-w-vm1-win/extensions/IaaSAntimalware",
            "name": "IaaSAntimalware",
            "protected_settings": "    {\r\n      \r\n    }\r\n",
            "protected_settings_from_key_vault": [],
            "publisher": "Microsoft.Azure.Security.AntimalwareSignature",
            "settings": "{\"AntimalwareEnabled\":true,\"ExclusionsExtensions\":\"\",\"ExclusionsPaths\":\"\",\"ExclusionsProcesses\":\"\",\"RealtimeProtectionEnabled\":true,\"ScanParameter\":\"/Z\",\"ScheduledScanSettings\":{\"day\":\"Sunday\",\"isEnabled\":true,\"scanType\":\"Quick\",\"time\":\"120\"}}",
            "tags": {},
            "timeouts": null,
            "type": "AntimalwareConfiguration",
            "type_handler_version": "2.58",
            "virtual_machine_id": "/subscriptions/879725c7-5f63-41db-b9ad-35150bd23e04/resourceGroups/n01525374-assignmemt1-RG/providers/Microsoft.Compute/virtualMachines/5374-w-vm1-win"
          },
          "sensitive_attributes": [],
          "private": "eyJlMmJmYjczMC1lY2FhLTExZTYtOGY4OC0zNDM2M2JjN2M0YzAiOnsiY3JlYXRlIjoxODAwMDAwMDAwMDAwLCJkZWxldGUiOjE4MDAwMDAwMDAwMDAsInJlYWQiOjMwMDAwMDAwMDAwMCwidXBkYXRlIjoxODAwMDAwMDAwMDAwfX0=",
          "dependencies": [
            "module.network.azurerm_subnet.subnet_1",
            "module.network.azurerm_virtual_network.vnet",
            "module.rgroup.azurerm_resource_group.rgroup",
            "module.vmwindows.azurerm_network_interface.vm_nic",
            "module.vmwindows.azurerm_public_ip.pip_windows",
            "module.vmwindows.azurerm_windows_virtual_machine.vmwindows",
            "module.vmwindows.module.rgroup.azurerm_resource_group.rgroup"
          ]
        }
      ]
    },
    {
      "module": "module.vmwindows",
      "mode": "managed",
      "type": "azurerm_windows_virtual_machine",
      "name": "vmwindows",
      "provider": "provider[\"registry.terraform.io/hashicorp/azurerm\"]",
      "instances": [
        {
          "schema_version": 0,
          "attributes": {
            "additional_capabilities": [],
            "additional_unattend_content": [],
            "admin_password": "P@ssword1234!",
            "admin_username": "adminuser",
            "allow_extension_operations": true,
            "availability_set_id": "",
            "boot_diagnostics": [],
            "capacity_reservation_group_id": "",
            "computer_name": "5374-w-vm1-win",
            "custom_data": null,
            "dedicated_host_group_id": "",
            "dedicated_host_id": "",
            "edge_zone": "",
            "enable_automatic_updates": true,
            "encryption_at_host_enabled": false,
            "eviction_policy": "",
            "extensions_time_budget": "PT1H30M",
            "gallery_application": [],
            "hotpatching_enabled": false,
            "id": "/subscriptions/879725c7-5f63-41db-b9ad-35150bd23e04/resourceGroups/n01525374-assignmemt1-RG/providers/Microsoft.Compute/virtualMachines/5374-w-vm1-win",
            "identity": [],
            "license_type": "",
            "location": "canadacentral",
            "max_bid_price": -1,
            "name": "5374-w-vm1-win",
            "network_interface_ids": [
              "/subscriptions/879725c7-5f63-41db-b9ad-35150bd23e04/resourceGroups/n01525374-assignmemt2-RG/providers/Microsoft.Network/networkInterfaces/5374-w-vm1-nic"
            ],
            "os_disk": [
              {
                "caching": "ReadWrite",
                "diff_disk_settings": [],
                "disk_encryption_set_id": "",
                "disk_size_gb": 128,
                "name": "osdisk-var.windows_name",
                "secure_vm_disk_encryption_set_id": "",
                "security_encryption_type": "",
                "storage_account_type": "StandardSSD_LRS",
                "write_accelerator_enabled": false
              }
            ],
            "patch_assessment_mode": "ImageDefault",
            "patch_mode": "AutomaticByOS",
            "plan": [],
            "platform_fault_domain": -1,
            "priority": "Regular",
            "private_ip_address": "10.0.1.4",
            "private_ip_addresses": [
              "10.0.1.4"
            ],
            "provision_vm_agent": true,
            "proximity_placement_group_id": "",
            "public_ip_address": "20.151.218.18",
            "public_ip_addresses": [
              "20.151.218.18"
            ],
            "resource_group_name": "n01525374-assignmemt1-RG",
            "secret": [],
            "secure_boot_enabled": false,
            "size": "Standard_B1ms",
            "source_image_id": "",
            "source_image_reference": [
              {
                "offer": "WindowsServer",
                "publisher": "MicrosoftWindowsServer",
                "sku": "2016-Datacenter",
                "version": "latest"
              }
            ],
            "tags": {},
            "termination_notification": [],
            "timeouts": null,
            "timezone": "",
            "user_data": "",
            "virtual_machine_id": "817032e2-c875-4ddb-a0ee-e7fa93643728",
            "virtual_machine_scale_set_id": "",
            "vtpm_enabled": false,
            "winrm_listener": [],
            "zone": ""
          },
          "sensitive_attributes": [],
          "private": "eyJlMmJmYjczMC1lY2FhLTExZTYtOGY4OC0zNDM2M2JjN2M0YzAiOnsiY3JlYXRlIjoyNzAwMDAwMDAwMDAwLCJkZWxldGUiOjI3MDAwMDAwMDAwMDAsInJlYWQiOjMwMDAwMDAwMDAwMCwidXBkYXRlIjoyNzAwMDAwMDAwMDAwfX0=",
          "dependencies": [
            "module.network.azurerm_subnet.subnet_1",
            "module.network.azurerm_virtual_network.vnet",
            "module.rgroup.azurerm_resource_group.rgroup",
            "module.vmwindows.azurerm_network_interface.vm_nic",
            "module.vmwindows.azurerm_public_ip.pip_windows",
            "module.vmwindows.module.rgroup.azurerm_resource_group.rgroup"
          ]
        }
      ]
    },
    {
      "module": "module.vmwindows.module.rgroup",
      "mode": "managed",
      "type": "azurerm_resource_group",
      "name": "rgroup",
      "provider": "provider[\"registry.terraform.io/hashicorp/azurerm\"]",
      "instances": [
        {
          "schema_version": 0,
          "attributes": {
            "id": "/subscriptions/879725c7-5f63-41db-b9ad-35150bd23e04/resourceGroups/n01525374-assignmemt1-RG",
            "location": "canadacentral",
            "name": "n01525374-assignmemt1-RG",
            "tags": {
              "Environment": "Lab",
              "ExpirationDate": "2023-06-30",
              "Name": "akinloye.aremu",
              "Project": "Automation Project – Assignment 1"
            },
            "timeouts": null
          },
          "sensitive_attributes": [],
          "private": "eyJlMmJmYjczMC1lY2FhLTExZTYtOGY4OC0zNDM2M2JjN2M0YzAiOnsiY3JlYXRlIjo1NDAwMDAwMDAwMDAwLCJkZWxldGUiOjU0MDAwMDAwMDAwMDAsInJlYWQiOjMwMDAwMDAwMDAwMCwidXBkYXRlIjo1NDAwMDAwMDAwMDAwfX0="
        }
      ]
    }
  ],
  "check_results": null
}
